{
  "name": "assets",
  "lockfileVersion": 2,
  "requires": true,
  "packages": {
    "": {
      "devDependencies": {
        "tailwind-corner-smoothing": "^1.2.0"
      }
    },
    "node_modules/tailwind-corner-smoothing": {
      "version": "1.2.0",
      "resolved": "https://registry.npmjs.org/tailwind-corner-smoothing/-/tailwind-corner-smoothing-1.2.0.tgz",
      "integrity": "sha512-lKeE58pOeIhrNbOjl6nxNSM8OMm7iTkuT01hpaipoZtVxzeN7K/Tsu4MrKdKtX/aTAwgOjaDcJghKUG1N4HcuQ==",
      "dev": true
    }
  },
  "dependencies": {
    "tailwind-corner-smoothing": {
      "version": "1.2.0",
      "resolved": "https://registry.npmjs.org/tailwind-corner-smoothing/-/tailwind-corner-smoothing-1.2.0.tgz",
      "integrity": "sha512-lKeE58pOeIhrNbOjl6nxNSM8OMm7iTkuT01hpaipoZtVxzeN7K/Tsu4MrKdKtX/aTAwgOjaDcJghKUG1N4HcuQ==",
      "dev": true
    }
  }
}
